
Microsoft Visual Studio Solution File, Format Version 12.00
# Visual Studio Version 17
VisualStudioVersion = 17.8.34330.188
MinimumVisualStudioVersion = 10.0.40219.1
Project("{FAE04EC0-301F-11D3-BF4B-00C04F79EFBC}") = "TravelessApp", "TravelessApp.csproj", "{A66E6FEE-9D53-4A08-9420-FE0174E5DB55}"
EndProject
Global
	GlobalSection(SolutionConfigurationPlatforms) = preSolution
		Debug|Any CPU = Debug|Any CPU
		Release|Any CPU = Release|Any CPU
	EndGlobalSection
	GlobalSection(ProjectConfigurationPlatforms) = postSolution
		{A66E6FEE-9D53-4A08-9420-FE0174E5DB55}.Debug|Any CPU.ActiveCfg = Debug|Any CPU
		{A66E6FEE-9D53-4A08-9420-FE0174E5DB55}.Debug|Any CPU.Build.0 = Debug|Any CPU
		{A66E6FEE-9D53-4A08-9420-FE0174E5DB55}.Debug|Any CPU.Deploy.0 = Debug|Any CPU
		{A66E6FEE-9D53-4A08-9420-FE0174E5DB55}.Release|Any CPU.ActiveCfg = Release|Any CPU
		{A66E6FEE-9D53-4A08-9420-FE0174E5DB55}.Release|Any CPU.Build.0 = Release|Any CPU
		{A66E6FEE-9D53-4A08-9420-FE0174E5DB55}.Release|Any CPU.Deploy.0 = Release|Any CPU
	EndGlobalSection
	GlobalSection(SolutionProperties) = preSolution
		HideSolutionNode = FALSE
	EndGlobalSection
	GlobalSection(ExtensibilityGlobals) = postSolution
		SolutionGuid = {3147F3AB-53F2-4E1A-97B9-AAD559B5954A}
	EndGlobalSection
EndGlobal
